{
    "_readme": [
        "This file locks the dependencies of your project to a known state",
        "Read more about it at https://getcomposer.org/doc/01-basic-usage.md#installing-dependencies",
        "This file is @generated automatically"
    ],
    "content-hash": "d4334cb315e3cdfe6e53c40ba6e8d3ed",
    "packages": [
        {
            "name": "benlumia007/backdrop-container",
            "version": "v1.0.0.x-dev",
            "source": {
                "type": "git",
                "url": "https://github.com/benlumia007/backdrop-container.git",
                "reference": "0300ba9b4c39141c18234b063ae04c6375cfd9c5"
            },
            "dist": {
                "type": "zip",
                "url": "https://api.github.com/repos/benlumia007/backdrop-container/zipball/0300ba9b4c39141c18234b063ae04c6375cfd9c5",
                "reference": "0300ba9b4c39141c18234b063ae04c6375cfd9c5",
                "shasum": ""
            },
            "require": {
                "php": ">=7.4.29"
            },
            "default-branch": true,
            "type": "library",
            "autoload": {
                "psr-4": {
                    "Benlumia007\\Backdrop\\Container\\": "src"
                }
            },
            "notification-url": "https://packagist.org/downloads/",
            "license": [
                "GPL-2.0-or-later"
            ],
            "authors": [
                {
                    "name": "Benjamin Lu",
                    "email": "benlumia007@gmail.com",
                    "homepage": "https://benjlu.com",
                    "role": "Developer"
                }
            ],
            "description": "Backdrop Contracts for Backdrop framework.",
            "homepage": "https://github.com/benlumia007/backdrop-container",
            "keywords": [
                "classicpress",
                "wordpress"
            ],
            "support": {
                "issues": "https://github.com/benlumia007/backdrop-container/issues",
                "source": "https://github.com/benlumia007/backdrop-container/tree/v1.0.0"
            },
            "time": "2022-05-27T06:34:21+00:00"
        }
    ],
    "packages-dev": [],
    "aliases": [],
    "minimum-stability": "stable",
    "stability-flags": {
        "benlumia007/backdrop-container": 20
    },
    "prefer-stable": false,
    "prefer-lowest": false,
    "platform": {
        "php": ">=7.4.3"
    },
    "platform-dev": [],
    "plugin-api-version": "2.3.0"
}
